{
  "name": "ctflearn-0887-suspecious-message-solution",
  "lockfileVersion": 2,
  "requires": true,
  "packages": {
    "": {
      "name": "ctflearn-0887-suspecious-message-solution",
      "dependencies": {
        "crypto-classic-playfair": "^1.0.0"
      }
    },
    "node_modules/crypto-classic-playfair": {
      "version": "1.0.0",
      "resolved": "https://registry.npmjs.org/crypto-classic-playfair/-/crypto-classic-playfair-1.0.0.tgz",
      "integrity": "sha1-EEaITlPQ51O/mvBLYnY/OXvLWQk=",
      "dependencies": {
        "crypto-classic-utils": "^1.0.0"
      }
    },
    "node_modules/crypto-classic-utils": {
      "version": "1.0.0",
      "resolved": "https://registry.npmjs.org/crypto-classic-utils/-/crypto-classic-utils-1.0.0.tgz",
      "integrity": "sha1-JQL+0KQyUIxnvYmmhNvNAnM5SAg="
    }
  },
  "dependencies": {
    "crypto-classic-playfair": {
      "version": "1.0.0",
      "resolved": "https://registry.npmjs.org/crypto-classic-playfair/-/crypto-classic-playfair-1.0.0.tgz",
      "integrity": "sha1-EEaITlPQ51O/mvBLYnY/OXvLWQk=",
      "requires": {
        "crypto-classic-utils": "^1.0.0"
      }
    },
    "crypto-classic-utils": {
      "version": "1.0.0",
      "resolved": "https://registry.npmjs.org/crypto-classic-utils/-/crypto-classic-utils-1.0.0.tgz",
      "integrity": "sha1-JQL+0KQyUIxnvYmmhNvNAnM5SAg="
    }
  }
}
