{
  "name": "ctflearn-0228-qr-code-solution",
  "lockfileVersion": 2,
  "requires": true,
  "packages": {
    "": {
      "name": "ctflearn-0228-qr-code-solution",
      "dependencies": {
        "jsqr": "^1.3.1",
        "pngjs": "^6.0.0"
      }
    },
    "node_modules/jsqr": {
      "version": "1.3.1",
      "resolved": "https://registry.npmjs.org/jsqr/-/jsqr-1.3.1.tgz",
      "integrity": "sha512-zCTP6Qd/WwjrpuHFkJuXc5opRdKprUr7eI7+JCCtcetThJt45qptu82MWQ+eET+FtDrMo7+BYjo3iD0XIq1L9Q=="
    },
    "node_modules/pngjs": {
      "version": "6.0.0",
      "resolved": "https://registry.npmjs.org/pngjs/-/pngjs-6.0.0.tgz",
      "integrity": "sha512-TRzzuFRRmEoSW/p1KVAmiOgPco2Irlah+bGFCeNfJXxxYGwSw7YwAOAcd7X28K/m5bjBWKsC29KyoMfHbypayg==",
      "engines": {
        "node": ">=12.13.0"
      }
    }
  },
  "dependencies": {
    "jsqr": {
      "version": "1.3.1",
      "resolved": "https://registry.npmjs.org/jsqr/-/jsqr-1.3.1.tgz",
      "integrity": "sha512-zCTP6Qd/WwjrpuHFkJuXc5opRdKprUr7eI7+JCCtcetThJt45qptu82MWQ+eET+FtDrMo7+BYjo3iD0XIq1L9Q=="
    },
    "pngjs": {
      "version": "6.0.0",
      "resolved": "https://registry.npmjs.org/pngjs/-/pngjs-6.0.0.tgz",
      "integrity": "sha512-TRzzuFRRmEoSW/p1KVAmiOgPco2Irlah+bGFCeNfJXxxYGwSw7YwAOAcd7X28K/m5bjBWKsC29KyoMfHbypayg=="
    }
  }
}
